
Microsoft Visual Studio Solution File, Format Version 12.00
# Visual Studio 2012
Project("{FAE04EC0-301F-11D3-BF4B-00C04F79EFBC}") = "HackCDMXTest", "HackCDMXTest\HackCDMXTest.csproj", "{671226A1-E0BB-48F5-AF5A-0D66453738AB}"
EndProject
Project("{FAE04EC0-301F-11D3-BF4B-00C04F79EFBC}") = "HackCDMX.AppCivica.Entities.Core", "..\HackCDMX.AppCivica.Entities.Core\HackCDMX.AppCivica.Entities.Core\HackCDMX.AppCivica.Entities.Core.csproj", "{41ECB52D-EC5B-45D8-8289-BCF344BA276F}"
EndProject
Project("{FAE04EC0-301F-11D3-BF4B-00C04F79EFBC}") = "HackCDMX.AppCivica.DataAccess", "..\HackCDMX.AppCivica.DataAccess\HackCDMX.AppCivica.DataAccess\HackCDMX.AppCivica.DataAccess.csproj", "{B88DE627-6AF2-4A8B-8C44-D59E20F6C60B}"
EndProject
Project("{FAE04EC0-301F-11D3-BF4B-00C04F79EFBC}") = "HackCDMX.AppCivica.Common.Core", "..\HackCDMX.AppCivica.Common.Core\HackCDMX.AppCivica.Common.Core\HackCDMX.AppCivica.Common.Core.csproj", "{479CA81C-C6E5-493B-BE8E-9B1F360FE295}"
EndProject
Global
	GlobalSection(SolutionConfigurationPlatforms) = preSolution
		Debug|Any CPU = Debug|Any CPU
		Debug|x64 = Debug|x64
		Release|Any CPU = Release|Any CPU
		Release|x64 = Release|x64
	EndGlobalSection
	GlobalSection(ProjectConfigurationPlatforms) = postSolution
		{671226A1-E0BB-48F5-AF5A-0D66453738AB}.Debug|Any CPU.ActiveCfg = Debug|Any CPU
		{671226A1-E0BB-48F5-AF5A-0D66453738AB}.Debug|Any CPU.Build.0 = Debug|Any CPU
		{671226A1-E0BB-48F5-AF5A-0D66453738AB}.Debug|x64.ActiveCfg = Debug|x64
		{671226A1-E0BB-48F5-AF5A-0D66453738AB}.Debug|x64.Build.0 = Debug|x64
		{671226A1-E0BB-48F5-AF5A-0D66453738AB}.Release|Any CPU.ActiveCfg = Release|Any CPU
		{671226A1-E0BB-48F5-AF5A-0D66453738AB}.Release|Any CPU.Build.0 = Release|Any CPU
		{671226A1-E0BB-48F5-AF5A-0D66453738AB}.Release|x64.ActiveCfg = Release|x64
		{671226A1-E0BB-48F5-AF5A-0D66453738AB}.Release|x64.Build.0 = Release|x64
		{41ECB52D-EC5B-45D8-8289-BCF344BA276F}.Debug|Any CPU.ActiveCfg = Debug|Any CPU
		{41ECB52D-EC5B-45D8-8289-BCF344BA276F}.Debug|Any CPU.Build.0 = Debug|Any CPU
		{41ECB52D-EC5B-45D8-8289-BCF344BA276F}.Debug|x64.ActiveCfg = Debug|x64
		{41ECB52D-EC5B-45D8-8289-BCF344BA276F}.Debug|x64.Build.0 = Debug|x64
		{41ECB52D-EC5B-45D8-8289-BCF344BA276F}.Release|Any CPU.ActiveCfg = Release|Any CPU
		{41ECB52D-EC5B-45D8-8289-BCF344BA276F}.Release|Any CPU.Build.0 = Release|Any CPU
		{41ECB52D-EC5B-45D8-8289-BCF344BA276F}.Release|x64.ActiveCfg = Release|x64
		{41ECB52D-EC5B-45D8-8289-BCF344BA276F}.Release|x64.Build.0 = Release|x64
		{B88DE627-6AF2-4A8B-8C44-D59E20F6C60B}.Debug|Any CPU.ActiveCfg = Debug|Any CPU
		{B88DE627-6AF2-4A8B-8C44-D59E20F6C60B}.Debug|Any CPU.Build.0 = Debug|Any CPU
		{B88DE627-6AF2-4A8B-8C44-D59E20F6C60B}.Debug|x64.ActiveCfg = Debug|x64
		{B88DE627-6AF2-4A8B-8C44-D59E20F6C60B}.Debug|x64.Build.0 = Debug|x64
		{B88DE627-6AF2-4A8B-8C44-D59E20F6C60B}.Release|Any CPU.ActiveCfg = Release|Any CPU
		{B88DE627-6AF2-4A8B-8C44-D59E20F6C60B}.Release|Any CPU.Build.0 = Release|Any CPU
		{B88DE627-6AF2-4A8B-8C44-D59E20F6C60B}.Release|x64.ActiveCfg = Release|x64
		{B88DE627-6AF2-4A8B-8C44-D59E20F6C60B}.Release|x64.Build.0 = Release|x64
		{479CA81C-C6E5-493B-BE8E-9B1F360FE295}.Debug|Any CPU.ActiveCfg = Debug|Any CPU
		{479CA81C-C6E5-493B-BE8E-9B1F360FE295}.Debug|Any CPU.Build.0 = Debug|Any CPU
		{479CA81C-C6E5-493B-BE8E-9B1F360FE295}.Debug|x64.ActiveCfg = Debug|x64
		{479CA81C-C6E5-493B-BE8E-9B1F360FE295}.Debug|x64.Build.0 = Debug|x64
		{479CA81C-C6E5-493B-BE8E-9B1F360FE295}.Release|Any CPU.ActiveCfg = Release|Any CPU
		{479CA81C-C6E5-493B-BE8E-9B1F360FE295}.Release|Any CPU.Build.0 = Release|Any CPU
		{479CA81C-C6E5-493B-BE8E-9B1F360FE295}.Release|x64.ActiveCfg = Release|x64
		{479CA81C-C6E5-493B-BE8E-9B1F360FE295}.Release|x64.Build.0 = Release|x64
	EndGlobalSection
	GlobalSection(SolutionProperties) = preSolution
		HideSolutionNode = FALSE
	EndGlobalSection
EndGlobal
